{
  "name": "azure-throttling-exporter",
  "version": "1.0.0",
  "lockfileVersion": 1,
  "requires": true,
  "dependencies": {
    "bintrees": {
      "version": "1.0.1",
      "resolved": "https://registry.npmjs.org/bintrees/-/bintrees-1.0.1.tgz",
      "integrity": "sha1-DmVcm5wkNeqraL9AJyJtK1WjRSQ="
    },
    "colors": {
      "version": "1.4.0",
      "resolved": "https://registry.npmjs.org/colors/-/colors-1.4.0.tgz",
      "integrity": "sha512-a+UqTh4kgZg/SlGvfbzDHpgRu7AAQOmmqRHJnxhRZICKFUT91brVhNNt58CMWU9PsBbv3PDCZUHbVxuDiH2mtA=="
    },
    "lodash": {
      "version": "4.17.15",
      "resolved": "https://registry.npmjs.org/lodash/-/lodash-4.17.15.tgz",
      "integrity": "sha512-8xOcRHvCjnocdS5cpwXQXVzmmh5e5+saE2QGoeQmbKmRS6J3VQppPOIt0MnmE+4xlZoumy0GPG0D0MVIQbNA1A=="
    },
    "logops": {
      "version": "2.1.1",
      "resolved": "https://registry.npmjs.org/logops/-/logops-2.1.1.tgz",
      "integrity": "sha512-4VKuufobS4yzCsU3iyKJSudYhZfzg1aHO6j2aTdYf1K1kWz6+Mhfi91BqD+RXtokLpSfocc9vOkzbsun5U4OiQ==",
      "requires": {
        "colors": "^1.1.2",
        "lodash": "^4.17.15",
        "safe-json-stringify": "^1.2.0",
        "serr": "^1.0.1"
      }
    },
    "prom-client": {
      "version": "12.0.0",
      "resolved": "https://registry.npmjs.org/prom-client/-/prom-client-12.0.0.tgz",
      "integrity": "sha512-JbzzHnw0VDwCvoqf8y1WDtq4wSBAbthMB1pcVI/0lzdqHGJI3KBJDXle70XK+c7Iv93Gihqo0a5LlOn+g8+DrQ==",
      "requires": {
        "tdigest": "^0.1.1"
      }
    },
    "safe-json-stringify": {
      "version": "1.2.0",
      "resolved": "https://registry.npmjs.org/safe-json-stringify/-/safe-json-stringify-1.2.0.tgz",
      "integrity": "sha512-gH8eh2nZudPQO6TytOvbxnuhYBOvDBBLW52tz5q6X58lJcd/tkmqFR+5Z9adS8aJtURSXWThWy/xJtJwixErvg=="
    },
    "serr": {
      "version": "1.0.1",
      "resolved": "https://registry.npmjs.org/serr/-/serr-1.0.1.tgz",
      "integrity": "sha1-dKW55/rdW1X4qF5+crwApBm25II=",
      "requires": {
        "lodash": "^4.0.0"
      }
    },
    "tdigest": {
      "version": "0.1.1",
      "resolved": "https://registry.npmjs.org/tdigest/-/tdigest-0.1.1.tgz",
      "integrity": "sha1-Ljyyw56kSeVdHmzZEReszKRYgCE=",
      "requires": {
        "bintrees": "1.0.1"
      }
    }
  }
}
